[[package]]
name = "certifi"
sections = ["default"]
version = "2020.12.5"
summary = "Python package for providing Mozilla's CA Bundle."

[[package]]
name = "chardet"
sections = ["default"]
version = "4.0.0"
summary = "Universal encoding detector for Python 2 and 3"

[[package]]
name = "flake8"
sections = ["lint"]
version = "3.9.2"
summary = "the modular source code checker: pep8 pyflakes and co"
dependencies = [
    "pyflakes<2.4.0,>=2.3.0",
    "pycodestyle<2.8.0,>=2.7.0",
    "mccabe<0.7.0,>=0.6.0",
    "importlib-metadata; python_version < \"3.8\"",
]

[[package]]
name = "idna"
sections = ["default"]
version = "2.10"
summary = "Internationalized Domain Names in Applications (IDNA)"

[[package]]
name = "importlib-metadata"
sections = ["lint"]
version = "4.0.1"
marker = "python_version < '3.8'"
summary = "Read metadata from Python packages"
dependencies = [
    "zipp>=0.5",
    "typing-extensions>=3.6.4; python_version < \"3.8\"",
]

[[package]]
name = "mccabe"
sections = ["lint"]
version = "0.6.1"
summary = "McCabe checker, plugin for flake8"

[[package]]
name = "pycodestyle"
sections = ["lint"]
version = "2.7.0"
summary = "Python style guide checker"

[[package]]
name = "pyflakes"
sections = ["lint"]
version = "2.3.1"
summary = "passive checker of Python programs"

[[package]]
name = "requests"
sections = ["default"]
version = "2.25.1"
summary = "Python HTTP for Humans."
dependencies = [
    "chardet<5,>=3.0.2",
    "idna<3,>=2.5",
    "urllib3<1.27,>=1.21.1",
    "certifi>=2017.4.17",
]

[[package]]
name = "typing-extensions"
sections = ["lint"]
version = "3.10.0.0"
marker = "python_version < '3.8'"
summary = "Backported and Experimental Type Hints for Python 3.5+"

[[package]]
name = "urllib3"
sections = ["default"]
version = "1.26.4"
summary = "HTTP library with thread-safe connection pooling, file post, and more."

[[package]]
name = "zipp"
sections = ["lint"]
version = "3.4.1"
marker = "python_version < '3.8'"
summary = "Backport of pathlib-compatible object wrapper for zip files"

[metadata]
lock_version = "2"
content_hash = "sha256:2f6a116a06e517eb2fe49058f3853b076e83398a45206fb6f8cecae102cec469"

[metadata.files]
"certifi 2020.12.5" = [
    {file = "certifi-2020.12.5-py2.py3-none-any.whl", hash = "sha256:719a74fb9e33b9bd44cc7f3a8d94bc35e4049deebe19ba7d8e108280cfd59830"},
    {file = "certifi-2020.12.5.tar.gz", hash = "sha256:1a4995114262bffbc2413b159f2a1a480c969de6e6eb13ee966d470af86af59c"},
]
"chardet 4.0.0" = [
    {file = "chardet-4.0.0-py2.py3-none-any.whl", hash = "sha256:f864054d66fd9118f2e67044ac8981a54775ec5b67aed0441892edb553d21da5"},
    {file = "chardet-4.0.0.tar.gz", hash = "sha256:0d6f53a15db4120f2b08c94f11e7d93d2c911ee118b6b30a04ec3ee8310179fa"},
]
"flake8 3.9.2" = [
    {file = "flake8-3.9.2-py2.py3-none-any.whl", hash = "sha256:bf8fd333346d844f616e8d47905ef3a3384edae6b4e9beb0c5101e25e3110907"},
    {file = "flake8-3.9.2.tar.gz", hash = "sha256:07528381786f2a6237b061f6e96610a4167b226cb926e2aa2b6b1d78057c576b"},
]
"idna 2.10" = [
    {file = "idna-2.10-py2.py3-none-any.whl", hash = "sha256:b97d804b1e9b523befed77c48dacec60e6dcb0b5391d57af6a65a312a90648c0"},
    {file = "idna-2.10.tar.gz", hash = "sha256:b307872f855b18632ce0c21c5e45be78c0ea7ae4c15c828c20788b26921eb3f6"},
]
"importlib-metadata 4.0.1" = [
    {file = "importlib_metadata-4.0.1-py3-none-any.whl", hash = "sha256:d7eb1dea6d6a6086f8be21784cc9e3bcfa55872b52309bc5fad53a8ea444465d"},
    {file = "importlib_metadata-4.0.1.tar.gz", hash = "sha256:8c501196e49fb9df5df43833bdb1e4328f64847763ec8a50703148b73784d581"},
]
"mccabe 0.6.1" = [
    {file = "mccabe-0.6.1-py2.py3-none-any.whl", hash = "sha256:ab8a6258860da4b6677da4bd2fe5dc2c659cff31b3ee4f7f5d64e79735b80d42"},
    {file = "mccabe-0.6.1.tar.gz", hash = "sha256:dd8d182285a0fe56bace7f45b5e7d1a6ebcbf524e8f3bd87eb0f125271b8831f"},
]
"pycodestyle 2.7.0" = [
    {file = "pycodestyle-2.7.0-py2.py3-none-any.whl", hash = "sha256:514f76d918fcc0b55c6680472f0a37970994e07bbb80725808c17089be302068"},
    {file = "pycodestyle-2.7.0.tar.gz", hash = "sha256:c389c1d06bf7904078ca03399a4816f974a1d590090fecea0c63ec26ebaf1cef"},
]
"pyflakes 2.3.1" = [
    {file = "pyflakes-2.3.1-py2.py3-none-any.whl", hash = "sha256:7893783d01b8a89811dd72d7dfd4d84ff098e5eed95cfa8905b22bbffe52efc3"},
    {file = "pyflakes-2.3.1.tar.gz", hash = "sha256:f5bc8ecabc05bb9d291eb5203d6810b49040f6ff446a756326104746cc00c1db"},
]
"requests 2.25.1" = [
    {file = "requests-2.25.1-py2.py3-none-any.whl", hash = "sha256:c210084e36a42ae6b9219e00e48287def368a26d03a048ddad7bfee44f75871e"},
    {file = "requests-2.25.1.tar.gz", hash = "sha256:27973dd4a904a4f13b263a19c866c13b92a39ed1c964655f025f3f8d3d75b804"},
]
"typing-extensions 3.10.0.0" = [
    {file = "typing_extensions-3.10.0.0-py2-none-any.whl", hash = "sha256:0ac0f89795dd19de6b97debb0c6af1c70987fd80a2d62d1958f7e56fcc31b497"},
    {file = "typing_extensions-3.10.0.0-py3-none-any.whl", hash = "sha256:779383f6086d90c99ae41cf0ff39aac8a7937a9283ce0a414e5dd782f4c94a84"},
    {file = "typing_extensions-3.10.0.0.tar.gz", hash = "sha256:50b6f157849174217d0656f99dc82fe932884fb250826c18350e159ec6cdf342"},
]
"urllib3 1.26.4" = [
    {file = "urllib3-1.26.4-py2.py3-none-any.whl", hash = "sha256:2f4da4594db7e1e110a944bb1b551fdf4e6c136ad42e4234131391e21eb5b0df"},
    {file = "urllib3-1.26.4.tar.gz", hash = "sha256:e7b021f7241115872f92f43c6508082facffbd1c048e3c6e2bb9c2a157e28937"},
]
"zipp 3.4.1" = [
    {file = "zipp-3.4.1-py3-none-any.whl", hash = "sha256:51cb66cc54621609dd593d1787f286ee42a5c0adbb4b29abea5a63edc3e03098"},
    {file = "zipp-3.4.1.tar.gz", hash = "sha256:3607921face881ba3e026887d8150cca609d517579abe052ac81fc5aeffdbd76"},
]
